
Microsoft Visual Studio Solution File, Format Version 12.00
# Visual Studio Version 17
VisualStudioVersion = 17.1.32319.34
MinimumVisualStudioVersion = 10.0.40219.1
Project("{FAE04EC0-301F-11D3-BF4B-00C04F79EFBC}") = "Ex_1", "Ex_1\Ex_1.csproj", "{05CE4FB6-1FE1-4FDB-AE08-E35D8229BE74}"
EndProject
Global
	GlobalSection(SolutionConfigurationPlatforms) = preSolution
		Debug|Any CPU = Debug|Any CPU
		Release|Any CPU = Release|Any CPU
	EndGlobalSection
	GlobalSection(ProjectConfigurationPlatforms) = postSolution
		{05CE4FB6-1FE1-4FDB-AE08-E35D8229BE74}.Debug|Any CPU.ActiveCfg = Debug|Any CPU
		{05CE4FB6-1FE1-4FDB-AE08-E35D8229BE74}.Debug|Any CPU.Build.0 = Debug|Any CPU
		{05CE4FB6-1FE1-4FDB-AE08-E35D8229BE74}.Release|Any CPU.ActiveCfg = Release|Any CPU
		{05CE4FB6-1FE1-4FDB-AE08-E35D8229BE74}.Release|Any CPU.Build.0 = Release|Any CPU
	EndGlobalSection
	GlobalSection(SolutionProperties) = preSolution
		HideSolutionNode = FALSE
	EndGlobalSection
	GlobalSection(ExtensibilityGlobals) = postSolution
		SolutionGuid = {B27A1033-AB83-4AF4-B500-5B4BE54A6E3C}
	EndGlobalSection
EndGlobal
